
Microsoft Visual Studio Solution File, Format Version 12.00
# Visual Studio Version 17
VisualStudioVersion = 17.5.33627.172
MinimumVisualStudioVersion = 10.0.40219.1
Project("{FAE04EC0-301F-11D3-BF4B-00C04F79EFBC}") = "Space War", "Space War.csproj", "{B63A5437-CE54-465A-A444-7AB003DDC34C}"
EndProject
Global
	GlobalSection(SolutionConfigurationPlatforms) = preSolution
		Debug|Any CPU = Debug|Any CPU
		Release|Any CPU = Release|Any CPU
	EndGlobalSection
	GlobalSection(ProjectConfigurationPlatforms) = postSolution
		{B63A5437-CE54-465A-A444-7AB003DDC34C}.Debug|Any CPU.ActiveCfg = Debug|Any CPU
		{B63A5437-CE54-465A-A444-7AB003DDC34C}.Debug|Any CPU.Build.0 = Debug|Any CPU
		{B63A5437-CE54-465A-A444-7AB003DDC34C}.Release|Any CPU.ActiveCfg = Release|Any CPU
		{B63A5437-CE54-465A-A444-7AB003DDC34C}.Release|Any CPU.Build.0 = Release|Any CPU
	EndGlobalSection
	GlobalSection(SolutionProperties) = preSolution
		HideSolutionNode = FALSE
	EndGlobalSection
	GlobalSection(ExtensibilityGlobals) = postSolution
		SolutionGuid = {30B9FB32-06AF-4FC4-9835-102500DCCEAA}
	EndGlobalSection
EndGlobal
